
Microsoft Visual Studio Solution File, Format Version 12.00
# Visual Studio Version 17
VisualStudioVersion = 17.9.34622.214
MinimumVisualStudioVersion = 10.0.40219.1
Project("{9A19103F-16F7-4668-BE54-9A1E7A4F7556}") = "CleanArchitecture.CodeGenerator", "CleanArchitectureCodeGenerator\CleanArchitecture.CodeGenerator.csproj", "{AFEE288B-2380-4B1E-8034-783DE44D60C0}"
EndProject
Global
	GlobalSection(SolutionConfigurationPlatforms) = preSolution
		Debug|Any CPU = Debug|Any CPU
		Release|Any CPU = Release|Any CPU
	EndGlobalSection
	GlobalSection(ProjectConfigurationPlatforms) = postSolution
		{AFEE288B-2380-4B1E-8034-783DE44D60C0}.Debug|Any CPU.ActiveCfg = Debug|Any CPU
		{AFEE288B-2380-4B1E-8034-783DE44D60C0}.Debug|Any CPU.Build.0 = Debug|Any CPU
		{AFEE288B-2380-4B1E-8034-783DE44D60C0}.Release|Any CPU.ActiveCfg = Release|Any CPU
		{AFEE288B-2380-4B1E-8034-783DE44D60C0}.Release|Any CPU.Build.0 = Release|Any CPU
	EndGlobalSection
	GlobalSection(SolutionProperties) = preSolution
		HideSolutionNode = FALSE
	EndGlobalSection
	GlobalSection(ExtensibilityGlobals) = postSolution
		SolutionGuid = {1C060E04-0054-468D-B3B3-B347704CCC8B}
	EndGlobalSection
EndGlobal
